// !$*UTF8*$!
{
	archiveVersion = 1;
	classes = {
	};
	objectVersion = 46;
	objects = {

/* Begin PBXBuildFile section */
		A278190E1A6D0B6B002CBE35 /* main.m in Sources */ = {isa = PBXBuildFile; fileRef = A278190D1A6D0B6B002CBE35 /* main.m */; };
		A27819111A6D0B6B002CBE35 /* AppDelegate.m in Sources */ = {isa = PBXBuildFile; fileRef = A27819101A6D0B6B002CBE35 /* AppDelegate.m */; };
		A27819191A6D0B6B002CBE35 /* Images.xcassets in Resources */ = {isa = PBXBuildFile; fileRef = A27819181A6D0B6B002CBE35 /* Images.xcassets */; };
		A278191C1A6D0B6B002CBE35 /* LaunchScreen.xib in Resources */ = {isa = PBXBuildFile; fileRef = A278191A1A6D0B6B002CBE35 /* LaunchScreen.xib */; };
		A27819281A6D0B6B002CBE35 /* JKPageControlTests.m in Sources */ = {isa = PBXBuildFile; fileRef = A27819271A6D0B6B002CBE35 /* JKPageControlTests.m */; };
		A27819341A6D0BAE002CBE35 /* RootViewController.m in Sources */ = {isa = PBXBuildFile; fileRef = A27819321A6D0BAE002CBE35 /* RootViewController.m */; };
		A27819351A6D0BAE002CBE35 /* RootViewController.xib in Resources */ = {isa = PBXBuildFile; fileRef = A27819331A6D0BAE002CBE35 /* RootViewController.xib */; };
		A27819391A6D0C1C002CBE35 /* JKPageControl.m in Sources */ = {isa = PBXBuildFile; fileRef = A27819381A6D0C1C002CBE35 /* JKPageControl.m */; };
		A278193E1A6D1F1D002CBE35 /* selected@2x.png in Resources */ = {isa = PBXBuildFile; fileRef = A278193D1A6D1F1D002CBE35 /* selected@2x.png */; };
		A27819401A6D1F26002CBE35 /* dot@2x.png in Resources */ = {isa = PBXBuildFile; fileRef = A278193F1A6D1F26002CBE35 /* dot@2x.png */; };
/* End PBXBuildFile section */

/* Begin PBXContainerItemProxy section */
		A27819221A6D0B6B002CBE35 /* PBXContainerItemProxy */ = {
			isa = PBXContainerItemProxy;
			containerPortal = A27819001A6D0B6B002CBE35 /* Project object */;
			proxyType = 1;
			remoteGlobalIDString = A27819071A6D0B6B002CBE35;
			remoteInfo = JKPageControl;
		};
/* End PBXContainerItemProxy section */

/* Begin PBXFileReference section */
		A27819081A6D0B6B002CBE35 /* JKPageControl.app */ = {isa = PBXFileReference; explicitFileType = wrapper.application; includeInIndex = 0; path = JKPageControl.app; sourceTree = BUILT_PRODUCTS_DIR; };
		A278190C1A6D0B6B002CBE35 /* Info.plist */ = {isa = PBXFileReference; lastKnownFileType = text.plist.xml; path = Info.plist; sourceTree = "<group>"; };
		A278190D1A6D0B6B002CBE35 /* main.m */ = {isa = PBXFileReference; lastKnownFileType = sourcecode.c.objc; path = main.m; sourceTree = "<group>"; };
		A278190F1A6D0B6B002CBE35 /* AppDelegate.h */ = {isa = PBXFileReference; lastKnownFileType = sourcecode.c.h; path = AppDelegate.h; sourceTree = "<group>"; };
		A27819101A6D0B6B002CBE35 /* AppDelegate.m */ = {isa = PBXFileReference; lastKnownFileType = sourcecode.c.objc; path = AppDelegate.m; sourceTree = "<group>"; };
		A27819181A6D0B6B002CBE35 /* Images.xcassets */ = {isa = PBXFileReference; lastKnownFileType = folder.assetcatalog; path = Images.xcassets; sourceTree = "<group>"; };
		A278191B1A6D0B6B002CBE35 /* Base */ = {isa = PBXFileReference; lastKnownFileType = file.xib; name = Base; path = Base.lproj/LaunchScreen.xib; sourceTree = "<group>"; };
		A27819211A6D0B6B002CBE35 /* JKPageControlTests.xctest */ = {isa = PBXFileReference; explicitFileType = wrapper.cfbundle; includeInIndex = 0; path = JKPageControlTests.xctest; sourceTree = BUILT_PRODUCTS_DIR; };
		A27819261A6D0B6B002CBE35 /* Info.plist */ = {isa = PBXFileReference; lastKnownFileType = text.plist.xml; path = Info.plist; sourceTree = "<group>"; };
		A27819271A6D0B6B002CBE35 /* JKPageControlTests.m */ = {isa = PBXFileReference; lastKnownFileType = sourcecode.c.objc; path = JKPageControlTests.m; sourceTree = "<group>"; };
		A27819311A6D0BAE002CBE35 /* RootViewController.h */ = {isa = PBXFileReference; fileEncoding = 4; lastKnownFileType = sourcecode.c.h; path = RootViewController.h; sourceTree = "<group>"; };
		A27819321A6D0BAE002CBE35 /* RootViewController.m */ = {isa = PBXFileReference; fileEncoding = 4; lastKnownFileType = sourcecode.c.objc; path = RootViewController.m; sourceTree = "<group>"; };
		A27819331A6D0BAE002CBE35 /* RootViewController.xib */ = {isa = PBXFileReference; fileEncoding = 4; lastKnownFileType = file.xib; path = RootViewController.xib; sourceTree = "<group>"; };
		A27819371A6D0C1C002CBE35 /* JKPageControl.h */ = {isa = PBXFileReference; fileEncoding = 4; lastKnownFileType = sourcecode.c.h; path = JKPageControl.h; sourceTree = "<group>"; };
		A27819381A6D0C1C002CBE35 /* JKPageControl.m */ = {isa = PBXFileReference; fileEncoding = 4; lastKnownFileType = sourcecode.c.objc; path = JKPageControl.m; sourceTree = "<group>"; };
		A278193D1A6D1F1D002CBE35 /* selected@2x.png */ = {isa = PBXFileReference; lastKnownFileType = image.png; path = "selected@2x.png"; sourceTree = "<group>"; };
		A278193F1A6D1F26002CBE35 /* dot@2x.png */ = {isa = PBXFileReference; lastKnownFileType = image.png; path = "dot@2x.png"; sourceTree = "<group>"; };
/* End PBXFileReference section */

/* Begin PBXFrameworksBuildPhase section */
		A27819051A6D0B6B002CBE35 /* Frameworks */ = {
			isa = PBXFrameworksBuildPhase;
			buildActionMask = 2147483647;
			files = (
			);
			runOnlyForDeploymentPostprocessing = 0;
		};
		A278191E1A6D0B6B002CBE35 /* Frameworks */ = {
			isa = PBXFrameworksBuildPhase;
			buildActionMask = 2147483647;
			files = (
			);
			runOnlyForDeploymentPostprocessing = 0;
		};
/* End PBXFrameworksBuildPhase section */

/* Begin PBXGroup section */
		A27818FF1A6D0B6B002CBE35 = {
			isa = PBXGroup;
			children = (
				A278190A1A6D0B6B002CBE35 /* JKPageControl */,
				A27819241A6D0B6B002CBE35 /* JKPageControlTests */,
				A27819091A6D0B6B002CBE35 /* Products */,
			);
			sourceTree = "<group>";
		};
		A27819091A6D0B6B002CBE35 /* Products */ = {
			isa = PBXGroup;
			children = (
				A27819081A6D0B6B002CBE35 /* JKPageControl.app */,
				A27819211A6D0B6B002CBE35 /* JKPageControlTests.xctest */,
			);
			name = Products;
			sourceTree = "<group>";
		};
		A278190A1A6D0B6B002CBE35 /* JKPageControl */ = {
			isa = PBXGroup;
			children = (
				A27819361A6D0C0F002CBE35 /* JKPageControl */,
				A278190F1A6D0B6B002CBE35 /* AppDelegate.h */,
				A27819101A6D0B6B002CBE35 /* AppDelegate.m */,
				A27819311A6D0BAE002CBE35 /* RootViewController.h */,
				A27819321A6D0BAE002CBE35 /* RootViewController.m */,
				A27819331A6D0BAE002CBE35 /* RootViewController.xib */,
				A27819181A6D0B6B002CBE35 /* Images.xcassets */,
				A278191A1A6D0B6B002CBE35 /* LaunchScreen.xib */,
				A278190B1A6D0B6B002CBE35 /* Supporting Files */,
			);
			path = JKPageControl;
			sourceTree = "<group>";
		};
		A278190B1A6D0B6B002CBE35 /* Supporting Files */ = {
			isa = PBXGroup;
			children = (
				A278190C1A6D0B6B002CBE35 /* Info.plist */,
				A278190D1A6D0B6B002CBE35 /* main.m */,
			);
			name = "Supporting Files";
			sourceTree = "<group>";
		};
		A27819241A6D0B6B002CBE35 /* JKPageControlTests */ = {
			isa = PBXGroup;
			children = (
				A27819271A6D0B6B002CBE35 /* JKPageControlTests.m */,
				A27819251A6D0B6B002CBE35 /* Supporting Files */,
			);
			path = JKPageControlTests;
			sourceTree = "<group>";
		};
		A27819251A6D0B6B002CBE35 /* Supporting Files */ = {
			isa = PBXGroup;
			children = (
				A27819261A6D0B6B002CBE35 /* Info.plist */,
			);
			name = "Supporting Files";
			sourceTree = "<group>";
		};
		A27819361A6D0C0F002CBE35 /* JKPageControl */ = {
			isa = PBXGroup;
			children = (
				A278193F1A6D1F26002CBE35 /* dot@2x.png */,
				A278193D1A6D1F1D002CBE35 /* selected@2x.png */,
				A27819371A6D0C1C002CBE35 /* JKPageControl.h */,
				A27819381A6D0C1C002CBE35 /* JKPageControl.m */,
			);
			path = JKPageControl;
			sourceTree = "<group>";
		};
/* End PBXGroup section */

/* Begin PBXNativeTarget section */
		A27819071A6D0B6B002CBE35 /* JKPageControl */ = {
			isa = PBXNativeTarget;
			buildConfigurationList = A278192B1A6D0B6B002CBE35 /* Build configuration list for PBXNativeTarget "JKPageControl" */;
			buildPhases = (
				A27819041A6D0B6B002CBE35 /* Sources */,
				A27819051A6D0B6B002CBE35 /* Frameworks */,
				A27819061A6D0B6B002CBE35 /* Resources */,
			);
			buildRules = (
			);
			dependencies = (
			);
			name = JKPageControl;
			productName = JKPageControl;
			productReference = A27819081A6D0B6B002CBE35 /* JKPageControl.app */;
			productType = "com.apple.product-type.application";
		};
		A27819201A6D0B6B002CBE35 /* JKPageControlTests */ = {
			isa = PBXNativeTarget;
			buildConfigurationList = A278192E1A6D0B6B002CBE35 /* Build configuration list for PBXNativeTarget "JKPageControlTests" */;
			buildPhases = (
				A278191D1A6D0B6B002CBE35 /* Sources */,
				A278191E1A6D0B6B002CBE35 /* Frameworks */,
				A278191F1A6D0B6B002CBE35 /* Resources */,
			);
			buildRules = (
			);
			dependencies = (
				A27819231A6D0B6B002CBE35 /* PBXTargetDependency */,
			);
			name = JKPageControlTests;
			productName = JKPageControlTests;
			productReference = A27819211A6D0B6B002CBE35 /* JKPageControlTests.xctest */;
			productType = "com.apple.product-type.bundle.unit-test";
		};
/* End PBXNativeTarget section */

/* Begin PBXProject section */
		A27819001A6D0B6B002CBE35 /* Project object */ = {
			isa = PBXProject;
			attributes = {
				LastUpgradeCheck = 0610;
				ORGANIZATIONNAME = www.skyfox.org;
				TargetAttributes = {
					A27819071A6D0B6B002CBE35 = {
						CreatedOnToolsVersion = 6.1;
					};
					A27819201A6D0B6B002CBE35 = {
						CreatedOnToolsVersion = 6.1;
						TestTargetID = A27819071A6D0B6B002CBE35;
					};
				};
			};
			buildConfigurationList = A27819031A6D0B6B002CBE35 /* Build configuration list for PBXProject "JKPageControl" */;
			compatibilityVersion = "Xcode 3.2";
			developmentRegion = English;
			hasScannedForEncodings = 0;
			knownRegions = (
				en,
				Base,
			);
			mainGroup = A27818FF1A6D0B6B002CBE35;
			productRefGroup = A27819091A6D0B6B002CBE35 /* Products */;
			projectDirPath = "";
			projectRoot = "";
			targets = (
				A27819071A6D0B6B002CBE35 /* JKPageControl */,
				A27819201A6D0B6B002CBE35 /* JKPageControlTests */,
			);
		};
/* End PBXProject section */

/* Begin PBXResourcesBuildPhase section */
		A27819061A6D0B6B002CBE35 /* Resources */ = {
			isa = PBXResourcesBuildPhase;
			buildActionMask = 2147483647;
			files = (
				A278191C1A6D0B6B002CBE35 /* LaunchScreen.xib in Resources */,
				A27819191A6D0B6B002CBE35 /* Images.xcassets in Resources */,
				A278193E1A6D1F1D002CBE35 /* selected@2x.png in Resources */,
				A27819401A6D1F26002CBE35 /* dot@2x.png in Resources */,
				A27819351A6D0BAE002CBE35 /* RootViewController.xib in Resources */,
			);
			runOnlyForDeploymentPostprocessing = 0;
		};
		A278191F1A6D0B6B002CBE35 /* Resources */ = {
			isa = PBXResourcesBuildPhase;
			buildActionMask = 2147483647;
			files = (
			);
			runOnlyForDeploymentPostprocessing = 0;
		};
/* End PBXResourcesBuildPhase section */

/* Begin PBXSourcesBuildPhase section */
		A27819041A6D0B6B002CBE35 /* Sources */ = {
			isa = PBXSourcesBuildPhase;
			buildActionMask = 2147483647;
			files = (
				A27819111A6D0B6B002CBE35 /* AppDelegate.m in Sources */,
				A27819391A6D0C1C002CBE35 /* JKPageControl.m in Sources */,
				A278190E1A6D0B6B002CBE35 /* main.m in Sources */,
				A27819341A6D0BAE002CBE35 /* RootViewController.m in Sources */,
			);
			runOnlyForDeploymentPostprocessing = 0;
		};
		A278191D1A6D0B6B002CBE35 /* Sources */ = {
			isa = PBXSourcesBuildPhase;
			buildActionMask = 2147483647;
			files = (
				A27819281A6D0B6B002CBE35 /* JKPageControlTests.m in Sources */,
			);
			runOnlyForDeploymentPostprocessing = 0;
		};
/* End PBXSourcesBuildPhase section */

/* Begin PBXTargetDependency section */
		A27819231A6D0B6B002CBE35 /* PBXTargetDependency */ = {
			isa = PBXTargetDependency;
			target = A27819071A6D0B6B002CBE35 /* JKPageControl */;
			targetProxy = A27819221A6D0B6B002CBE35 /* PBXContainerItemProxy */;
		};
/* End PBXTargetDependency section */

/* Begin PBXVariantGroup section */
		A278191A1A6D0B6B002CBE35 /* LaunchScreen.xib */ = {
			isa = PBXVariantGroup;
			children = (
				A278191B1A6D0B6B002CBE35 /* Base */,
			);
			name = LaunchScreen.xib;
			sourceTree = "<group>";
		};
/* End PBXVariantGroup section */

/* Begin XCBuildConfiguration section */
		A27819291A6D0B6B002CBE35 /* Debug */ = {
			isa = XCBuildConfiguration;
			buildSettings = {
				ALWAYS_SEARCH_USER_PATHS = NO;
				CLANG_CXX_LANGUAGE_STANDARD = "gnu++0x";
				CLANG_CXX_LIBRARY = "libc++";
				CLANG_ENABLE_MODULES = YES;
				CLANG_ENABLE_OBJC_ARC = YES;
				CLANG_WARN_BOOL_CONVERSION = YES;
				CLANG_WARN_CONSTANT_CONVERSION = YES;
				CLANG_WARN_DIRECT_OBJC_ISA_USAGE = YES_ERROR;
				CLANG_WARN_EMPTY_BODY = YES;
				CLANG_WARN_ENUM_CONVERSION = YES;
				CLANG_WARN_INT_CONVERSION = YES;
				CLANG_WARN_OBJC_ROOT_CLASS = YES_ERROR;
				CLANG_WARN_UNREACHABLE_CODE = YES;
				CLANG_WARN__DUPLICATE_METHOD_MATCH = YES;
				"CODE_SIGN_IDENTITY[sdk=iphoneos*]" = "iPhone Developer";
				COPY_PHASE_STRIP = NO;
				ENABLE_STRICT_OBJC_MSGSEND = YES;
				GCC_C_LANGUAGE_STANDARD = gnu99;
				GCC_DYNAMIC_NO_PIC = NO;
				GCC_OPTIMIZATION_LEVEL = 0;
				GCC_PREPROCESSOR_DEFINITIONS = (
					"DEBUG=1",
					"$(inherited)",
				);
				GCC_SYMBOLS_PRIVATE_EXTERN = NO;
				GCC_WARN_64_TO_32_BIT_CONVERSION = YES;
				GCC_WARN_ABOUT_RETURN_TYPE = YES_ERROR;
				GCC_WARN_UNDECLARED_SELECTOR = YES;
				GCC_WARN_UNINITIALIZED_AUTOS = YES_AGGRESSIVE;
				GCC_WARN_UNUSED_FUNCTION = YES;
				GCC_WARN_UNUSED_VARIABLE = YES;
				IPHONEOS_DEPLOYMENT_TARGET = 8.1;
				MTL_ENABLE_DEBUG_INFO = YES;
				ONLY_ACTIVE_ARCH = YES;
				SDKROOT = iphoneos;
			};
			name = Debug;
		};
		A278192A1A6D0B6B002CBE35 /* Release */ = {
			isa = XCBuildConfiguration;
			buildSettings = {
				ALWAYS_SEARCH_USER_PATHS = NO;
				CLANG_CXX_LANGUAGE_STANDARD = "gnu++0x";
				CLANG_CXX_LIBRARY = "libc++";
				CLANG_ENABLE_MODULES = YES;
				CLANG_ENABLE_OBJC_ARC = YES;
				CLANG_WARN_BOOL_CONVERSION = YES;
				CLANG_WARN_CONSTANT_CONVERSION = YES;
				CLANG_WARN_DIRECT_OBJC_ISA_USAGE = YES_ERROR;
				CLANG_WARN_EMPTY_BODY = YES;
				CLANG_WARN_ENUM_CONVERSION = YES;
				CLANG_WARN_INT_CONVERSION = YES;
				CLANG_WARN_OBJC_ROOT_CLASS = YES_ERROR;
				CLANG_WARN_UNREACHABLE_CODE = YES;
				CLANG_WARN__DUPLICATE_METHOD_MATCH = YES;
				"CODE_SIGN_IDENTITY[sdk=iphoneos*]" = "iPhone Developer";
				COPY_PHASE_STRIP = YES;
				ENABLE_NS_ASSERTIONS = NO;
				ENABLE_STRICT_OBJC_MSGSEND = YES;
				GCC_C_LANGUAGE_STANDARD = gnu99;
				GCC_WARN_64_TO_32_BIT_CONVERSION = YES;
				GCC_WARN_ABOUT_RETURN_TYPE = YES_ERROR;
				GCC_WARN_UNDECLARED_SELECTOR = YES;
				GCC_WARN_UNINITIALIZED_AUTOS = YES_AGGRESSIVE;
				GCC_WARN_UNUSED_FUNCTION = YES;
				GCC_WARN_UNUSED_VARIABLE = YES;
				IPHONEOS_DEPLOYMENT_TARGET = 8.1;
				MTL_ENABLE_DEBUG_INFO = NO;
				SDKROOT = iphoneos;
				VALIDATE_PRODUCT = YES;
			};
			name = Release;
		};
		A278192C1A6D0B6B002CBE35 /* Debug */ = {
			isa = XCBuildConfiguration;
			buildSettings = {
				ASSETCATALOG_COMPILER_APPICON_NAME = AppIcon;
				INFOPLIST_FILE = JKPageControl/Info.plist;
				LD_RUNPATH_SEARCH_PATHS = "$(inherited) @executable_path/Frameworks";
				PRODUCT_NAME = "$(TARGET_NAME)";
			};
			name = Debug;
		};
		A278192D1A6D0B6B002CBE35 /* Release */ = {
			isa = XCBuildConfiguration;
			buildSettings = {
				ASSETCATALOG_COMPILER_APPICON_NAME = AppIcon;
				INFOPLIST_FILE = JKPageControl/Info.plist;
				LD_RUNPATH_SEARCH_PATHS = "$(inherited) @executable_path/Frameworks";
				PRODUCT_NAME = "$(TARGET_NAME)";
			};
			name = Release;
		};
		A278192F1A6D0B6B002CBE35 /* Debug */ = {
			isa = XCBuildConfiguration;
			buildSettings = {
				BUNDLE_LOADER = "$(TEST_HOST)";
				FRAMEWORK_SEARCH_PATHS = (
					"$(SDKROOT)/Developer/Library/Frameworks",
					"$(inherited)",
				);
				GCC_PREPROCESSOR_DEFINITIONS = (
					"DEBUG=1",
					"$(inherited)",
				);
				INFOPLIST_FILE = JKPageControlTests/Info.plist;
				LD_RUNPATH_SEARCH_PATHS = "$(inherited) @executable_path/Frameworks @loader_path/Frameworks";
				PRODUCT_NAME = "$(TARGET_NAME)";
				TEST_HOST = "$(BUILT_PRODUCTS_DIR)/JKPageControl.app/JKPageControl";
			};
			name = Debug;
		};
		A27819301A6D0B6B002CBE35 /* Release */ = {
			isa = XCBuildConfiguration;
			buildSettings = {
				BUNDLE_LOADER = "$(TEST_HOST)";
				FRAMEWORK_SEARCH_PATHS = (
					"$(SDKROOT)/Developer/Library/Frameworks",
					"$(inherited)",
				);
				INFOPLIST_FILE = JKPageControlTests/Info.plist;
				LD_RUNPATH_SEARCH_PATHS = "$(inherited) @executable_path/Frameworks @loader_path/Frameworks";
				PRODUCT_NAME = "$(TARGET_NAME)";
				TEST_HOST = "$(BUILT_PRODUCTS_DIR)/JKPageControl.app/JKPageControl";
			};
			name = Release;
		};
/* End XCBuildConfiguration section */

/* Begin XCConfigurationList section */
		A27819031A6D0B6B002CBE35 /* Build configuration list for PBXProject "JKPageControl" */ = {
			isa = XCConfigurationList;
			buildConfigurations = (
				A27819291A6D0B6B002CBE35 /* Debug */,
				A278192A1A6D0B6B002CBE35 /* Release */,
			);
			defaultConfigurationIsVisible = 0;
			defaultConfigurationName = Release;
		};
		A278192B1A6D0B6B002CBE35 /* Build configuration list for PBXNativeTarget "JKPageControl" */ = {
			isa = XCConfigurationList;
			buildConfigurations = (
				A278192C1A6D0B6B002CBE35 /* Debug */,
				A278192D1A6D0B6B002CBE35 /* Release */,
			);
			defaultConfigurationIsVisible = 0;
		};
		A278192E1A6D0B6B002CBE35 /* Build configuration list for PBXNativeTarget "JKPageControlTests" */ = {
			isa = XCConfigurationList;
			buildConfigurations = (
				A278192F1A6D0B6B002CBE35 /* Debug */,
				A27819301A6D0B6B002CBE35 /* Release */,
			);
			defaultConfigurationIsVisible = 0;
		};
/* End XCConfigurationList section */
	};
	rootObject = A27819001A6D0B6B002CBE35 /* Project object */;
}
